# generated by rye
# use `rye lock` or `rye sync` to update this lockfile
#
# last locked with the following flags:
#   pre: false
#   features: []
#   all-features: false

-e file:.
activate-virtualenv==0.1.5
aiocron==1.8
aiosqlite==0.17.0
cfgv==3.4.0
click==8.1.7
colorama==0.4.6
croniter==2.0.1
distlib==0.3.7
filelock==3.12.4
identify==2.5.30
kink==0.7.0
langs==0.1.1
markdown-it-py==3.0.0
mdurl==0.1.2
meval==2.5
nodeenv==1.8.0
peewee==3.17.0
platformdirs==3.11.0
pre-commit==3.5.0
psutil==5.9.6
pyaes==1.6.1
pygments==2.16.1
pyrogram @ git+https://github.com/AmanoTeam/Pyrogram.git@v2.0.106+amn9
pysocks==1.7.1
python-dateutil==2.8.2
pytz==2023.3.post1
pyyaml==6.0.1
requirements-parser==0.5.0
rich==13.6.0
ruff==0.1.3
six==1.16.0
tgcrypto==1.2.5
toml==0.10.2
types-setuptools==68.2.0.0
typing-extensions==4.8.0
tzdata==2023.4
tzlocal==5.2
virtualenv==20.24.6
# The following packages are considered to be unsafe in a requirements file:
pip==23.3.1
setuptools==68.2.2
