# generated by rye
# use `rye lock` or `rye sync` to update this lockfile
#
# last locked with the following flags:
#   pre: false
#   features: []
#   all-features: false
#   with-sources: false
#   generate-hashes: false

-e file:.
activate-virtualenv==0.1.5
    # via userlixo
aiocron==1.8
    # via userlixo
aiosqlite==0.20.0
    # via hydrogram
click==8.1.7
    # via userlixo
croniter==2.0.5
    # via aiocron
distlib==0.3.8
    # via virtualenv
filelock==3.14.0
    # via virtualenv
hydrogram @ git+https://github.com/hydrogram/hydrogram@52a447bda9180830c86cef8f3c9071f3c8a496c1
    # via userlixo
kink==0.8.0
    # via userlixo
langs==0.1.1
    # via userlixo
markdown-it-py==3.0.0
    # via rich
mdurl==0.1.2
    # via markdown-it-py
meval==2.5
    # via userlixo
peewee==3.17.5
    # via userlixo
pip==24.0
    # via userlixo
platformdirs==4.2.2
    # via virtualenv
psutil==5.9.8
    # via userlixo
pyaes==1.6.1
    # via hydrogram
pygments==2.18.0
    # via rich
pysocks==1.7.1
    # via hydrogram
python-dateutil==2.9.0.post0
    # via croniter
pytz==2024.1
    # via croniter
pyyaml==6.0.1
    # via userlixo
requirements-parser==0.9.0
    # via userlixo
rich==13.7.1
    # via userlixo
six==1.16.0
    # via python-dateutil
tgcrypto==1.2.5
    # via userlixo
toml==0.10.2
    # via userlixo
types-setuptools==70.0.0.20240524
    # via requirements-parser
typing-extensions==4.12.0
    # via aiosqlite
    # via kink
tzlocal==5.2
    # via aiocron
virtualenv==20.26.2
    # via userlixo
